schema: '2.0'
stages:
  cholecseg8k_convert:
    cmd: python -m osv.datasets.cholecseg8k --out data/processed/cholecseg8k
    deps:
    - path: osv/datasets/cholecseg8k.py
      hash: md5
      md5: 72c41138b297cc43b6a7ed7ac8dd0375
      size: 26099
    - path: osv/datasets/manifests/cholecseg8k.yaml
      hash: md5
      md5: e961aaa74e6d2910c5db7d0b81c5478f
      size: 5092
    outs:
    - path: data/processed/cholecseg8k
      hash: md5
      md5: d4ffd0dfe50c9254b9b42b7938b829e3.dir
      size: 1038242522
      nfiles: 2
